// !$*UTF8*$!
{
	archiveVersion = 1;
	classes = {
	};
	objectVersion = 55;
	objects = {

/* Begin PBXBuildFile section */
		D61E18C12714846F0057147D /* AppDelegate.swift in Sources */ = {isa = PBXBuildFile; fileRef = D61E18C02714846F0057147D /* AppDelegate.swift */; };
		D61E18C32714846F0057147D /* SceneDelegate.swift in Sources */ = {isa = PBXBuildFile; fileRef = D61E18C22714846F0057147D /* SceneDelegate.swift */; };
		D61E18C82714846F0057147D /* Main.storyboard in Resources */ = {isa = PBXBuildFile; fileRef = D61E18C62714846F0057147D /* Main.storyboard */; };
		D61E18CA271484700057147D /* Assets.xcassets in Resources */ = {isa = PBXBuildFile; fileRef = D61E18C9271484700057147D /* Assets.xcassets */; };
		D61E18CD271484700057147D /* LaunchScreen.storyboard in Resources */ = {isa = PBXBuildFile; fileRef = D61E18CB271484700057147D /* LaunchScreen.storyboard */; };
		D61E18D52714848D0057147D /* unnamed.jpg in Resources */ = {isa = PBXBuildFile; fileRef = D61E18D42714848D0057147D /* unnamed.jpg */; };
		D61E18D7271484B60057147D /* photo.jpeg in Resources */ = {isa = PBXBuildFile; fileRef = D61E18D6271484B60057147D /* photo.jpeg */; };
		D61E18DE2714852B0057147D /* CAppUIBuilder.swift in Sources */ = {isa = PBXBuildFile; fileRef = D61E18DB2714852B0057147D /* CAppUIBuilder.swift */; };
		D61E18DF2714852B0057147D /* CAppUIPlan.swift in Sources */ = {isa = PBXBuildFile; fileRef = D61E18DC2714852B0057147D /* CAppUIPlan.swift */; };
		D61E18E72714854E0057147D /* AccountViewController.swift in Sources */ = {isa = PBXBuildFile; fileRef = D61E18E32714854E0057147D /* AccountViewController.swift */; };
		D61E18E82714854E0057147D /* AccountHeaderView.swift in Sources */ = {isa = PBXBuildFile; fileRef = D61E18E42714854E0057147D /* AccountHeaderView.swift */; };
		D61E18EA27148BDC0057147D /* RoundedRectView.swift in Sources */ = {isa = PBXBuildFile; fileRef = D61E18E927148BDC0057147D /* RoundedRectView.swift */; };
		D65AE4772716C584004DA9A2 /* BestViewController.swift in Sources */ = {isa = PBXBuildFile; fileRef = D65AE4762716C584004DA9A2 /* BestViewController.swift */; };
		D65AE4792716EE70004DA9A2 /* FilmViewCell.swift in Sources */ = {isa = PBXBuildFile; fileRef = D65AE4782716EE70004DA9A2 /* FilmViewCell.swift */; };
		D65AE47B2717140D004DA9A2 /* dune.jpeg in Resources */ = {isa = PBXBuildFile; fileRef = D65AE47A2717140D004DA9A2 /* dune.jpeg */; };
		D67E863E27159CC20004D1DD /* RaitingView.swift in Sources */ = {isa = PBXBuildFile; fileRef = D67E863D27159CC20004D1DD /* RaitingView.swift */; };
		D67E86402715C1290004D1DD /* PairedRaitingView.swift in Sources */ = {isa = PBXBuildFile; fileRef = D67E863F2715C1290004D1DD /* PairedRaitingView.swift */; };
		D6BDA1A82726AE01001FB316 /* AccountHeaderViewCell.swift in Sources */ = {isa = PBXBuildFile; fileRef = D6BDA1A72726AE01001FB316 /* AccountHeaderViewCell.swift */; };
		D6BDA1AA2726B40E001FB316 /* AccountRaitingViewCell.swift in Sources */ = {isa = PBXBuildFile; fileRef = D6BDA1A92726B40E001FB316 /* AccountRaitingViewCell.swift */; };
		D6BDA1B02726F7F9001FB316 /* DetailViewController.swift in Sources */ = {isa = PBXBuildFile; fileRef = D6BDA1AF2726F7F9001FB316 /* DetailViewController.swift */; };
		D6BDA1B2272706B1001FB316 /* DetailHeaderView.swift in Sources */ = {isa = PBXBuildFile; fileRef = D6BDA1B1272706B1001FB316 /* DetailHeaderView.swift */; };
		D6BDA1B62727304E001FB316 /* SearchViewController.swift in Sources */ = {isa = PBXBuildFile; fileRef = D6BDA1B52727304E001FB316 /* SearchViewController.swift */; };
		D6BDA1B82727309F001FB316 /* CompilationsViewController.swift in Sources */ = {isa = PBXBuildFile; fileRef = D6BDA1B72727309F001FB316 /* CompilationsViewController.swift */; };
/* End PBXBuildFile section */

/* Begin PBXFileReference section */
		D61E18BD2714846F0057147D /* Tonight.app */ = {isa = PBXFileReference; explicitFileType = wrapper.application; includeInIndex = 0; path = Tonight.app; sourceTree = BUILT_PRODUCTS_DIR; };
		D61E18C02714846F0057147D /* AppDelegate.swift */ = {isa = PBXFileReference; lastKnownFileType = sourcecode.swift; path = AppDelegate.swift; sourceTree = "<group>"; };
		D61E18C22714846F0057147D /* SceneDelegate.swift */ = {isa = PBXFileReference; lastKnownFileType = sourcecode.swift; path = SceneDelegate.swift; sourceTree = "<group>"; };
		D61E18C72714846F0057147D /* Base */ = {isa = PBXFileReference; lastKnownFileType = file.storyboard; name = Base; path = Base.lproj/Main.storyboard; sourceTree = "<group>"; };
		D61E18C9271484700057147D /* Assets.xcassets */ = {isa = PBXFileReference; lastKnownFileType = folder.assetcatalog; path = Assets.xcassets; sourceTree = "<group>"; };
		D61E18CC271484700057147D /* Base */ = {isa = PBXFileReference; lastKnownFileType = file.storyboard; name = Base; path = Base.lproj/LaunchScreen.storyboard; sourceTree = "<group>"; };
		D61E18CE271484700057147D /* Info.plist */ = {isa = PBXFileReference; lastKnownFileType = text.plist.xml; path = Info.plist; sourceTree = "<group>"; };
		D61E18D42714848D0057147D /* unnamed.jpg */ = {isa = PBXFileReference; lastKnownFileType = image.jpeg; path = unnamed.jpg; sourceTree = "<group>"; };
		D61E18D6271484B60057147D /* photo.jpeg */ = {isa = PBXFileReference; lastKnownFileType = image.jpeg; path = photo.jpeg; sourceTree = "<group>"; };
		D61E18DB2714852B0057147D /* CAppUIBuilder.swift */ = {isa = PBXFileReference; fileEncoding = 4; lastKnownFileType = sourcecode.swift; path = CAppUIBuilder.swift; sourceTree = "<group>"; };
		D61E18DC2714852B0057147D /* CAppUIPlan.swift */ = {isa = PBXFileReference; fileEncoding = 4; lastKnownFileType = sourcecode.swift; path = CAppUIPlan.swift; sourceTree = "<group>"; };
		D61E18E32714854E0057147D /* AccountViewController.swift */ = {isa = PBXFileReference; fileEncoding = 4; lastKnownFileType = sourcecode.swift; path = AccountViewController.swift; sourceTree = "<group>"; };
		D61E18E42714854E0057147D /* AccountHeaderView.swift */ = {isa = PBXFileReference; fileEncoding = 4; lastKnownFileType = sourcecode.swift; path = AccountHeaderView.swift; sourceTree = "<group>"; };
		D61E18E927148BDC0057147D /* RoundedRectView.swift */ = {isa = PBXFileReference; lastKnownFileType = sourcecode.swift; path = RoundedRectView.swift; sourceTree = "<group>"; };
		D65AE4762716C584004DA9A2 /* BestViewController.swift */ = {isa = PBXFileReference; lastKnownFileType = sourcecode.swift; path = BestViewController.swift; sourceTree = "<group>"; };
		D65AE4782716EE70004DA9A2 /* FilmViewCell.swift */ = {isa = PBXFileReference; lastKnownFileType = sourcecode.swift; path = FilmViewCell.swift; sourceTree = "<group>"; };
		D65AE47A2717140D004DA9A2 /* dune.jpeg */ = {isa = PBXFileReference; lastKnownFileType = image.jpeg; path = dune.jpeg; sourceTree = "<group>"; };
		D67E863D27159CC20004D1DD /* RaitingView.swift */ = {isa = PBXFileReference; lastKnownFileType = sourcecode.swift; path = RaitingView.swift; sourceTree = "<group>"; };
		D67E863F2715C1290004D1DD /* PairedRaitingView.swift */ = {isa = PBXFileReference; lastKnownFileType = sourcecode.swift; path = PairedRaitingView.swift; sourceTree = "<group>"; };
		D6BDA1A72726AE01001FB316 /* AccountHeaderViewCell.swift */ = {isa = PBXFileReference; lastKnownFileType = sourcecode.swift; path = AccountHeaderViewCell.swift; sourceTree = "<group>"; };
		D6BDA1A92726B40E001FB316 /* AccountRaitingViewCell.swift */ = {isa = PBXFileReference; lastKnownFileType = sourcecode.swift; path = AccountRaitingViewCell.swift; sourceTree = "<group>"; };
		D6BDA1AF2726F7F9001FB316 /* DetailViewController.swift */ = {isa = PBXFileReference; lastKnownFileType = sourcecode.swift; path = DetailViewController.swift; sourceTree = "<group>"; };
		D6BDA1B1272706B1001FB316 /* DetailHeaderView.swift */ = {isa = PBXFileReference; lastKnownFileType = sourcecode.swift; path = DetailHeaderView.swift; sourceTree = "<group>"; };
		D6BDA1B52727304E001FB316 /* SearchViewController.swift */ = {isa = PBXFileReference; lastKnownFileType = sourcecode.swift; path = SearchViewController.swift; sourceTree = "<group>"; };
		D6BDA1B72727309F001FB316 /* CompilationsViewController.swift */ = {isa = PBXFileReference; lastKnownFileType = sourcecode.swift; path = CompilationsViewController.swift; sourceTree = "<group>"; };
/* End PBXFileReference section */

/* Begin PBXFrameworksBuildPhase section */
		D61E18BA2714846F0057147D /* Frameworks */ = {
			isa = PBXFrameworksBuildPhase;
			buildActionMask = 2147483647;
			files = (
			);
			runOnlyForDeploymentPostprocessing = 0;
		};
/* End PBXFrameworksBuildPhase section */

/* Begin PBXGroup section */
		D61E18B42714846F0057147D = {
			isa = PBXGroup;
			children = (
				D61E18BF2714846F0057147D /* Tonight */,
				D61E18BE2714846F0057147D /* Products */,
			);
			sourceTree = "<group>";
		};
		D61E18BE2714846F0057147D /* Products */ = {
			isa = PBXGroup;
			children = (
				D61E18BD2714846F0057147D /* Tonight.app */,
			);
			name = Products;
			sourceTree = "<group>";
		};
		D61E18BF2714846F0057147D /* Tonight */ = {
			isa = PBXGroup;
			children = (
				D61E18C02714846F0057147D /* AppDelegate.swift */,
				D61E18C22714846F0057147D /* SceneDelegate.swift */,
				D61E18D9271484E10057147D /* View */,
				D61E18D8271484D20057147D /* Model */,
				D61E18C62714846F0057147D /* Main.storyboard */,
				D61E18C9271484700057147D /* Assets.xcassets */,
				D61E18D6271484B60057147D /* photo.jpeg */,
				D65AE47A2717140D004DA9A2 /* dune.jpeg */,
				D61E18D42714848D0057147D /* unnamed.jpg */,
				D61E18CB271484700057147D /* LaunchScreen.storyboard */,
				D61E18CE271484700057147D /* Info.plist */,
			);
			path = Tonight;
			sourceTree = "<group>";
		};
		D61E18D8271484D20057147D /* Model */ = {
			isa = PBXGroup;
			children = (
			);
			path = Model;
			sourceTree = "<group>";
		};
		D61E18D9271484E10057147D /* View */ = {
			isa = PBXGroup;
			children = (
				D61E18DB2714852B0057147D /* CAppUIBuilder.swift */,
				D61E18DC2714852B0057147D /* CAppUIPlan.swift */,
				D61E18DA271484F40057147D /* GrandeViewControllers */,
				D6BDA1AE2726D138001FB316 /* DetailViewController */,
				D6BDA1AB2726C4EB001FB316 /* ReusableViews */,
			);
			path = View;
			sourceTree = "<group>";
		};
		D61E18DA271484F40057147D /* GrandeViewControllers */ = {
			isa = PBXGroup;
			children = (
				D6BDA1B427272FEE001FB316 /* CompilationsViewController */,
				D6BDA1B327272FB2001FB316 /* SearchViewController */,
				D65AE4752716C3B1004DA9A2 /* BestViewController */,
				D65AE4742716C0CF004DA9A2 /* AccountViewController */,
			);
			path = GrandeViewControllers;
			sourceTree = "<group>";
		};
		D65AE4742716C0CF004DA9A2 /* AccountViewController */ = {
			isa = PBXGroup;
			children = (
				D61E18E32714854E0057147D /* AccountViewController.swift */,
				D6BDA1A72726AE01001FB316 /* AccountHeaderViewCell.swift */,
				D61E18E42714854E0057147D /* AccountHeaderView.swift */,
				D6BDA1A92726B40E001FB316 /* AccountRaitingViewCell.swift */,
			);
			path = AccountViewController;
			sourceTree = "<group>";
		};
		D65AE4752716C3B1004DA9A2 /* BestViewController */ = {
			isa = PBXGroup;
			children = (
				D65AE4762716C584004DA9A2 /* BestViewController.swift */,
				D65AE4782716EE70004DA9A2 /* FilmViewCell.swift */,
			);
			path = BestViewController;
			sourceTree = "<group>";
		};
		D6BDA1AB2726C4EB001FB316 /* ReusableViews */ = {
			isa = PBXGroup;
			children = (
				D67E863F2715C1290004D1DD /* PairedRaitingView.swift */,
				D61E18E927148BDC0057147D /* RoundedRectView.swift */,
				D67E863D27159CC20004D1DD /* RaitingView.swift */,
			);
			path = ReusableViews;
			sourceTree = "<group>";
		};
		D6BDA1AE2726D138001FB316 /* DetailViewController */ = {
			isa = PBXGroup;
			children = (
				D6BDA1AF2726F7F9001FB316 /* DetailViewController.swift */,
				D6BDA1B1272706B1001FB316 /* DetailHeaderView.swift */,
			);
			path = DetailViewController;
			sourceTree = "<group>";
		};
		D6BDA1B327272FB2001FB316 /* SearchViewController */ = {
			isa = PBXGroup;
			children = (
				D6BDA1B52727304E001FB316 /* SearchViewController.swift */,
			);
			path = SearchViewController;
			sourceTree = "<group>";
		};
		D6BDA1B427272FEE001FB316 /* CompilationsViewController */ = {
			isa = PBXGroup;
			children = (
				D6BDA1B72727309F001FB316 /* CompilationsViewController.swift */,
			);
			path = CompilationsViewController;
			sourceTree = "<group>";
		};
/* End PBXGroup section */

/* Begin PBXNativeTarget section */
		D61E18BC2714846F0057147D /* Tonight */ = {
			isa = PBXNativeTarget;
			buildConfigurationList = D61E18D1271484700057147D /* Build configuration list for PBXNativeTarget "Tonight" */;
			buildPhases = (
				D61E18B92714846F0057147D /* Sources */,
				D61E18BA2714846F0057147D /* Frameworks */,
				D61E18BB2714846F0057147D /* Resources */,
			);
			buildRules = (
			);
			dependencies = (
			);
			name = Tonight;
			productName = Tonight;
			productReference = D61E18BD2714846F0057147D /* Tonight.app */;
			productType = "com.apple.product-type.application";
		};
/* End PBXNativeTarget section */

/* Begin PBXProject section */
		D61E18B52714846F0057147D /* Project object */ = {
			isa = PBXProject;
			attributes = {
				BuildIndependentTargetsInParallel = 1;
				LastSwiftUpdateCheck = 1300;
				LastUpgradeCheck = 1300;
				TargetAttributes = {
					D61E18BC2714846F0057147D = {
						CreatedOnToolsVersion = 13.0;
					};
				};
			};
			buildConfigurationList = D61E18B82714846F0057147D /* Build configuration list for PBXProject "Tonight" */;
			compatibilityVersion = "Xcode 13.0";
			developmentRegion = en;
			hasScannedForEncodings = 0;
			knownRegions = (
				en,
				Base,
			);
			mainGroup = D61E18B42714846F0057147D;
			productRefGroup = D61E18BE2714846F0057147D /* Products */;
			projectDirPath = "";
			projectRoot = "";
			targets = (
				D61E18BC2714846F0057147D /* Tonight */,
			);
		};
/* End PBXProject section */

/* Begin PBXResourcesBuildPhase section */
		D61E18BB2714846F0057147D /* Resources */ = {
			isa = PBXResourcesBuildPhase;
			buildActionMask = 2147483647;
			files = (
				D61E18CD271484700057147D /* LaunchScreen.storyboard in Resources */,
				D65AE47B2717140D004DA9A2 /* dune.jpeg in Resources */,
				D61E18D7271484B60057147D /* photo.jpeg in Resources */,
				D61E18CA271484700057147D /* Assets.xcassets in Resources */,
				D61E18D52714848D0057147D /* unnamed.jpg in Resources */,
				D61E18C82714846F0057147D /* Main.storyboard in Resources */,
			);
			runOnlyForDeploymentPostprocessing = 0;
		};
/* End PBXResourcesBuildPhase section */

/* Begin PBXSourcesBuildPhase section */
		D61E18B92714846F0057147D /* Sources */ = {
			isa = PBXSourcesBuildPhase;
			buildActionMask = 2147483647;
			files = (
				D65AE4772716C584004DA9A2 /* BestViewController.swift in Sources */,
				D67E863E27159CC20004D1DD /* RaitingView.swift in Sources */,
				D61E18DE2714852B0057147D /* CAppUIBuilder.swift in Sources */,
				D61E18E82714854E0057147D /* AccountHeaderView.swift in Sources */,
				D6BDA1B2272706B1001FB316 /* DetailHeaderView.swift in Sources */,
				D67E86402715C1290004D1DD /* PairedRaitingView.swift in Sources */,
				D61E18C12714846F0057147D /* AppDelegate.swift in Sources */,
				D61E18EA27148BDC0057147D /* RoundedRectView.swift in Sources */,
				D65AE4792716EE70004DA9A2 /* FilmViewCell.swift in Sources */,
				D6BDA1A82726AE01001FB316 /* AccountHeaderViewCell.swift in Sources */,
				D6BDA1B62727304E001FB316 /* SearchViewController.swift in Sources */,
				D61E18C32714846F0057147D /* SceneDelegate.swift in Sources */,
				D6BDA1AA2726B40E001FB316 /* AccountRaitingViewCell.swift in Sources */,
				D61E18DF2714852B0057147D /* CAppUIPlan.swift in Sources */,
				D61E18E72714854E0057147D /* AccountViewController.swift in Sources */,
				D6BDA1B82727309F001FB316 /* CompilationsViewController.swift in Sources */,
				D6BDA1B02726F7F9001FB316 /* DetailViewController.swift in Sources */,
			);
			runOnlyForDeploymentPostprocessing = 0;
		};
/* End PBXSourcesBuildPhase section */

/* Begin PBXVariantGroup section */
		D61E18C62714846F0057147D /* Main.storyboard */ = {
			isa = PBXVariantGroup;
			children = (
				D61E18C72714846F0057147D /* Base */,
			);
			name = Main.storyboard;
			sourceTree = "<group>";
		};
		D61E18CB271484700057147D /* LaunchScreen.storyboard */ = {
			isa = PBXVariantGroup;
			children = (
				D61E18CC271484700057147D /* Base */,
			);
			name = LaunchScreen.storyboard;
			sourceTree = "<group>";
		};
/* End PBXVariantGroup section */

/* Begin XCBuildConfiguration section */
		D61E18CF271484700057147D /* Debug */ = {
			isa = XCBuildConfiguration;
			buildSettings = {
				ALWAYS_SEARCH_USER_PATHS = NO;
				CLANG_ANALYZER_NONNULL = YES;
				CLANG_ANALYZER_NUMBER_OBJECT_CONVERSION = YES_AGGRESSIVE;
				CLANG_CXX_LANGUAGE_STANDARD = "gnu++17";
				CLANG_CXX_LIBRARY = "libc++";
				CLANG_ENABLE_MODULES = YES;
				CLANG_ENABLE_OBJC_ARC = YES;
				CLANG_ENABLE_OBJC_WEAK = YES;
				CLANG_WARN_BLOCK_CAPTURE_AUTORELEASING = YES;
				CLANG_WARN_BOOL_CONVERSION = YES;
				CLANG_WARN_COMMA = YES;
				CLANG_WARN_CONSTANT_CONVERSION = YES;
				CLANG_WARN_DEPRECATED_OBJC_IMPLEMENTATIONS = YES;
				CLANG_WARN_DIRECT_OBJC_ISA_USAGE = YES_ERROR;
				CLANG_WARN_DOCUMENTATION_COMMENTS = YES;
				CLANG_WARN_EMPTY_BODY = YES;
				CLANG_WARN_ENUM_CONVERSION = YES;
				CLANG_WARN_INFINITE_RECURSION = YES;
				CLANG_WARN_INT_CONVERSION = YES;
				CLANG_WARN_NON_LITERAL_NULL_CONVERSION = YES;
				CLANG_WARN_OBJC_IMPLICIT_RETAIN_SELF = YES;
				CLANG_WARN_OBJC_LITERAL_CONVERSION = YES;
				CLANG_WARN_OBJC_ROOT_CLASS = YES_ERROR;
				CLANG_WARN_QUOTED_INCLUDE_IN_FRAMEWORK_HEADER = YES;
				CLANG_WARN_RANGE_LOOP_ANALYSIS = YES;
				CLANG_WARN_STRICT_PROTOTYPES = YES;
				CLANG_WARN_SUSPICIOUS_MOVE = YES;
				CLANG_WARN_UNGUARDED_AVAILABILITY = YES_AGGRESSIVE;
				CLANG_WARN_UNREACHABLE_CODE = YES;
				CLANG_WARN__DUPLICATE_METHOD_MATCH = YES;
				COPY_PHASE_STRIP = NO;
				DEBUG_INFORMATION_FORMAT = dwarf;
				ENABLE_STRICT_OBJC_MSGSEND = YES;
				ENABLE_TESTABILITY = YES;
				GCC_C_LANGUAGE_STANDARD = gnu11;
				GCC_DYNAMIC_NO_PIC = NO;
				GCC_NO_COMMON_BLOCKS = YES;
				GCC_OPTIMIZATION_LEVEL = 0;
				GCC_PREPROCESSOR_DEFINITIONS = (
					"DEBUG=1",
					"$(inherited)",
				);
				GCC_WARN_64_TO_32_BIT_CONVERSION = YES;
				GCC_WARN_ABOUT_RETURN_TYPE = YES_ERROR;
				GCC_WARN_UNDECLARED_SELECTOR = YES;
				GCC_WARN_UNINITIALIZED_AUTOS = YES_AGGRESSIVE;
				GCC_WARN_UNUSED_FUNCTION = YES;
				GCC_WARN_UNUSED_VARIABLE = YES;
				IPHONEOS_DEPLOYMENT_TARGET = 15.0;
				MTL_ENABLE_DEBUG_INFO = INCLUDE_SOURCE;
				MTL_FAST_MATH = YES;
				ONLY_ACTIVE_ARCH = YES;
				SDKROOT = iphoneos;
				SWIFT_ACTIVE_COMPILATION_CONDITIONS = DEBUG;
				SWIFT_OPTIMIZATION_LEVEL = "-Onone";
			};
			name = Debug;
		};
		D61E18D0271484700057147D /* Release */ = {
			isa = XCBuildConfiguration;
			buildSettings = {
				ALWAYS_SEARCH_USER_PATHS = NO;
				CLANG_ANALYZER_NONNULL = YES;
				CLANG_ANALYZER_NUMBER_OBJECT_CONVERSION = YES_AGGRESSIVE;
				CLANG_CXX_LANGUAGE_STANDARD = "gnu++17";
				CLANG_CXX_LIBRARY = "libc++";
				CLANG_ENABLE_MODULES = YES;
				CLANG_ENABLE_OBJC_ARC = YES;
				CLANG_ENABLE_OBJC_WEAK = YES;
				CLANG_WARN_BLOCK_CAPTURE_AUTORELEASING = YES;
				CLANG_WARN_BOOL_CONVERSION = YES;
				CLANG_WARN_COMMA = YES;
				CLANG_WARN_CONSTANT_CONVERSION = YES;
				CLANG_WARN_DEPRECATED_OBJC_IMPLEMENTATIONS = YES;
				CLANG_WARN_DIRECT_OBJC_ISA_USAGE = YES_ERROR;
				CLANG_WARN_DOCUMENTATION_COMMENTS = YES;
				CLANG_WARN_EMPTY_BODY = YES;
				CLANG_WARN_ENUM_CONVERSION = YES;
				CLANG_WARN_INFINITE_RECURSION = YES;
				CLANG_WARN_INT_CONVERSION = YES;
				CLANG_WARN_NON_LITERAL_NULL_CONVERSION = YES;
				CLANG_WARN_OBJC_IMPLICIT_RETAIN_SELF = YES;
				CLANG_WARN_OBJC_LITERAL_CONVERSION = YES;
				CLANG_WARN_OBJC_ROOT_CLASS = YES_ERROR;
				CLANG_WARN_QUOTED_INCLUDE_IN_FRAMEWORK_HEADER = YES;
				CLANG_WARN_RANGE_LOOP_ANALYSIS = YES;
				CLANG_WARN_STRICT_PROTOTYPES = YES;
				CLANG_WARN_SUSPICIOUS_MOVE = YES;
				CLANG_WARN_UNGUARDED_AVAILABILITY = YES_AGGRESSIVE;
				CLANG_WARN_UNREACHABLE_CODE = YES;
				CLANG_WARN__DUPLICATE_METHOD_MATCH = YES;
				COPY_PHASE_STRIP = NO;
				DEBUG_INFORMATION_FORMAT = "dwarf-with-dsym";
				ENABLE_NS_ASSERTIONS = NO;
				ENABLE_STRICT_OBJC_MSGSEND = YES;
				GCC_C_LANGUAGE_STANDARD = gnu11;
				GCC_NO_COMMON_BLOCKS = YES;
				GCC_WARN_64_TO_32_BIT_CONVERSION = YES;
				GCC_WARN_ABOUT_RETURN_TYPE = YES_ERROR;
				GCC_WARN_UNDECLARED_SELECTOR = YES;
				GCC_WARN_UNINITIALIZED_AUTOS = YES_AGGRESSIVE;
				GCC_WARN_UNUSED_FUNCTION = YES;
				GCC_WARN_UNUSED_VARIABLE = YES;
				IPHONEOS_DEPLOYMENT_TARGET = 15.0;
				MTL_ENABLE_DEBUG_INFO = NO;
				MTL_FAST_MATH = YES;
				SDKROOT = iphoneos;
				SWIFT_COMPILATION_MODE = wholemodule;
				SWIFT_OPTIMIZATION_LEVEL = "-O";
				VALIDATE_PRODUCT = YES;
			};
			name = Release;
		};
		D61E18D2271484700057147D /* Debug */ = {
			isa = XCBuildConfiguration;
			buildSettings = {
				ASSETCATALOG_COMPILER_APPICON_NAME = AppIcon;
				ASSETCATALOG_COMPILER_GLOBAL_ACCENT_COLOR_NAME = AccentColor;
				CODE_SIGN_STYLE = Automatic;
				CURRENT_PROJECT_VERSION = 1;
				DEVELOPMENT_TEAM = H767UW78T3;
				GENERATE_INFOPLIST_FILE = YES;
				INFOPLIST_FILE = Tonight/Info.plist;
				INFOPLIST_KEY_UIApplicationSupportsIndirectInputEvents = YES;
				INFOPLIST_KEY_UILaunchStoryboardName = LaunchScreen;
				INFOPLIST_KEY_UIMainStoryboardFile = Main;
				INFOPLIST_KEY_UISupportedInterfaceOrientations_iPad = "UIInterfaceOrientationPortrait UIInterfaceOrientationPortraitUpsideDown UIInterfaceOrientationLandscapeLeft UIInterfaceOrientationLandscapeRight";
				INFOPLIST_KEY_UISupportedInterfaceOrientations_iPhone = "UIInterfaceOrientationPortrait UIInterfaceOrientationLandscapeLeft UIInterfaceOrientationLandscapeRight";
				LD_RUNPATH_SEARCH_PATHS = (
					"$(inherited)",
					"@executable_path/Frameworks",
				);
				MARKETING_VERSION = 1.0;
				PRODUCT_BUNDLE_IDENTIFIER = cpacelt.Tonight;
				PRODUCT_NAME = "$(TARGET_NAME)";
				SWIFT_EMIT_LOC_STRINGS = YES;
				SWIFT_VERSION = 5.0;
				TARGETED_DEVICE_FAMILY = "1,2";
			};
			name = Debug;
		};
		D61E18D3271484700057147D /* Release */ = {
			isa = XCBuildConfiguration;
			buildSettings = {
				ASSETCATALOG_COMPILER_APPICON_NAME = AppIcon;
				ASSETCATALOG_COMPILER_GLOBAL_ACCENT_COLOR_NAME = AccentColor;
				CODE_SIGN_STYLE = Automatic;
				CURRENT_PROJECT_VERSION = 1;
				DEVELOPMENT_TEAM = H767UW78T3;
				GENERATE_INFOPLIST_FILE = YES;
				INFOPLIST_FILE = Tonight/Info.plist;
				INFOPLIST_KEY_UIApplicationSupportsIndirectInputEvents = YES;
				INFOPLIST_KEY_UILaunchStoryboardName = LaunchScreen;
				INFOPLIST_KEY_UIMainStoryboardFile = Main;
				INFOPLIST_KEY_UISupportedInterfaceOrientations_iPad = "UIInterfaceOrientationPortrait UIInterfaceOrientationPortraitUpsideDown UIInterfaceOrientationLandscapeLeft UIInterfaceOrientationLandscapeRight";
				INFOPLIST_KEY_UISupportedInterfaceOrientations_iPhone = "UIInterfaceOrientationPortrait UIInterfaceOrientationLandscapeLeft UIInterfaceOrientationLandscapeRight";
				LD_RUNPATH_SEARCH_PATHS = (
					"$(inherited)",
					"@executable_path/Frameworks",
				);
				MARKETING_VERSION = 1.0;
				PRODUCT_BUNDLE_IDENTIFIER = cpacelt.Tonight;
				PRODUCT_NAME = "$(TARGET_NAME)";
				SWIFT_EMIT_LOC_STRINGS = YES;
				SWIFT_VERSION = 5.0;
				TARGETED_DEVICE_FAMILY = "1,2";
			};
			name = Release;
		};
/* End XCBuildConfiguration section */

/* Begin XCConfigurationList section */
		D61E18B82714846F0057147D /* Build configuration list for PBXProject "Tonight" */ = {
			isa = XCConfigurationList;
			buildConfigurations = (
				D61E18CF271484700057147D /* Debug */,
				D61E18D0271484700057147D /* Release */,
			);
			defaultConfigurationIsVisible = 0;
			defaultConfigurationName = Release;
		};
		D61E18D1271484700057147D /* Build configuration list for PBXNativeTarget "Tonight" */ = {
			isa = XCConfigurationList;
			buildConfigurations = (
				D61E18D2271484700057147D /* Debug */,
				D61E18D3271484700057147D /* Release */,
			);
			defaultConfigurationIsVisible = 0;
			defaultConfigurationName = Release;
		};
/* End XCConfigurationList section */
	};
	rootObject = D61E18B52714846F0057147D /* Project object */;
}
